{
  "name": "teste 2",
  "lockfileVersion": 3,
  "requires": true,
  "packages": {
    "": {
      "dependencies": {
        "convert-csv-to-json": "^2.49.0"
      }
    },
    "node_modules/convert-csv-to-json": {
      "version": "2.49.0",
      "resolved": "https://registry.npmjs.org/convert-csv-to-json/-/convert-csv-to-json-2.49.0.tgz",
      "integrity": "sha512-jGpQ+bkhVwMG9FF3IsK624X7u2HjYFXdtkLAkLouaewgYK5OZdEHZIMKD7dt/bCMUjR/zwg0o1B0cKFZrB22iQ==",
      "license": "GPL-3.0"
    }
  }
}
